
Microsoft Visual Studio Solution File, Format Version 12.00
# Visual Studio 15
VisualStudioVersion = 15.0.28010.2050
MinimumVisualStudioVersion = 10.0.40219.1
Project("{FAE04EC0-301F-11D3-BF4B-00C04F79EFBC}") = "Ceasar", "Ceasar\Ceasar.csproj", "{A83EAC6B-7FC9-4A5A-A1EF-6E81D984CB4F}"
EndProject
Global
	GlobalSection(SolutionConfigurationPlatforms) = preSolution
		Debug|Any CPU = Debug|Any CPU
		Release|Any CPU = Release|Any CPU
	EndGlobalSection
	GlobalSection(ProjectConfigurationPlatforms) = postSolution
		{A83EAC6B-7FC9-4A5A-A1EF-6E81D984CB4F}.Debug|Any CPU.ActiveCfg = Debug|Any CPU
		{A83EAC6B-7FC9-4A5A-A1EF-6E81D984CB4F}.Debug|Any CPU.Build.0 = Debug|Any CPU
		{A83EAC6B-7FC9-4A5A-A1EF-6E81D984CB4F}.Release|Any CPU.ActiveCfg = Release|Any CPU
		{A83EAC6B-7FC9-4A5A-A1EF-6E81D984CB4F}.Release|Any CPU.Build.0 = Release|Any CPU
	EndGlobalSection
	GlobalSection(SolutionProperties) = preSolution
		HideSolutionNode = FALSE
	EndGlobalSection
	GlobalSection(ExtensibilityGlobals) = postSolution
		SolutionGuid = {D40403D5-631D-42EA-A98B-BEC1C509AECA}
	EndGlobalSection
EndGlobal
