
Microsoft Visual Studio Solution File, Format Version 12.00
# Visual Studio 15
VisualStudioVersion = 15.0.28307.271
MinimumVisualStudioVersion = 10.0.40219.1
Project("{FAE04EC0-301F-11D3-BF4B-00C04F79EFBC}") = "XSS_SQL_Injections", "XSS_SQL_Injections\XSS_SQL_Injections.csproj", "{6E1E6AD4-71C6-43F9-9DC2-3D7D6EA25CB8}"
EndProject
Global
	GlobalSection(SolutionConfigurationPlatforms) = preSolution
		Debug|Any CPU = Debug|Any CPU
		Release|Any CPU = Release|Any CPU
	EndGlobalSection
	GlobalSection(ProjectConfigurationPlatforms) = postSolution
		{6E1E6AD4-71C6-43F9-9DC2-3D7D6EA25CB8}.Debug|Any CPU.ActiveCfg = Debug|Any CPU
		{6E1E6AD4-71C6-43F9-9DC2-3D7D6EA25CB8}.Debug|Any CPU.Build.0 = Debug|Any CPU
		{6E1E6AD4-71C6-43F9-9DC2-3D7D6EA25CB8}.Release|Any CPU.ActiveCfg = Release|Any CPU
		{6E1E6AD4-71C6-43F9-9DC2-3D7D6EA25CB8}.Release|Any CPU.Build.0 = Release|Any CPU
	EndGlobalSection
	GlobalSection(SolutionProperties) = preSolution
		HideSolutionNode = FALSE
	EndGlobalSection
	GlobalSection(ExtensibilityGlobals) = postSolution
		SolutionGuid = {70AB7BE1-1F4B-44D6-B2A5-91DD27E3DDA1}
	EndGlobalSection
EndGlobal
